// !$*UTF8*$!
{
	archiveVersion = 1;
	classes = {
	};
	objectVersion = 77;
	objects = {

/* Begin PBXBuildFile section */
		2EB519912F28693C009B8581 /* HRBridgeWatch Watch App.app in Embed Watch Content */ = {isa = PBXBuildFile; fileRef = 2EB519712F28693A009B8581 /* HRBridgeWatch Watch App.app */; settings = {ATTRIBUTES = (RemoveHeadersOnCopy, ); }; };
/* End PBXBuildFile section */

/* Begin PBXContainerItemProxy section */
		2E845EB92F2845C90095AC4A /* PBXContainerItemProxy */ = {
			isa = PBXContainerItemProxy;
			containerPortal = 2E845EA32F2845C70095AC4A /* Project object */;
			proxyType = 1;
			remoteGlobalIDString = 2E845EAA2F2845C70095AC4A;
			remoteInfo = HRBridge;
		};
		2E845EC32F2845C90095AC4A /* PBXContainerItemProxy */ = {
			isa = PBXContainerItemProxy;
			containerPortal = 2E845EA32F2845C70095AC4A /* Project object */;
			proxyType = 1;
			remoteGlobalIDString = 2E845EAA2F2845C70095AC4A;
			remoteInfo = HRBridge;
		};
		2EB5197E2F28693C009B8581 /* PBXContainerItemProxy */ = {
			isa = PBXContainerItemProxy;
			containerPortal = 2E845EA32F2845C70095AC4A /* Project object */;
			proxyType = 1;
			remoteGlobalIDString = 2EB519702F28693A009B8581;
			remoteInfo = "HRBridgeWatch Watch App";
		};
		2EB519882F28693C009B8581 /* PBXContainerItemProxy */ = {
			isa = PBXContainerItemProxy;
			containerPortal = 2E845EA32F2845C70095AC4A /* Project object */;
			proxyType = 1;
			remoteGlobalIDString = 2EB519702F28693A009B8581;
			remoteInfo = "HRBridgeWatch Watch App";
		};
		2EB5198F2F28693C009B8581 /* PBXContainerItemProxy */ = {
			isa = PBXContainerItemProxy;
			containerPortal = 2E845EA32F2845C70095AC4A /* Project object */;
			proxyType = 1;
			remoteGlobalIDString = 2EB519702F28693A009B8581;
			remoteInfo = "HRBridgeWatch Watch App";
		};
/* End PBXContainerItemProxy section */

/* Begin PBXCopyFilesBuildPhase section */
		2EB519952F28693C009B8581 /* Embed Watch Content */ = {
			isa = PBXCopyFilesBuildPhase;
			buildActionMask = 2147483647;
			dstPath = "$(CONTENTS_FOLDER_PATH)/Watch";
			dstSubfolderSpec = 16;
			files = (
				2EB519912F28693C009B8581 /* HRBridgeWatch Watch App.app in Embed Watch Content */,
			);
			name = "Embed Watch Content";
			runOnlyForDeploymentPostprocessing = 0;
		};
/* End PBXCopyFilesBuildPhase section */

/* Begin PBXFileReference section */
		2E845EAB2F2845C70095AC4A /* HRBridge.app */ = {isa = PBXFileReference; explicitFileType = wrapper.application; includeInIndex = 0; path = HRBridge.app; sourceTree = BUILT_PRODUCTS_DIR; };
		2E845EB82F2845C90095AC4A /* HRBridgeTests.xctest */ = {isa = PBXFileReference; explicitFileType = wrapper.cfbundle; includeInIndex = 0; path = HRBridgeTests.xctest; sourceTree = BUILT_PRODUCTS_DIR; };
		2E845EC22F2845C90095AC4A /* HRBridgeUITests.xctest */ = {isa = PBXFileReference; explicitFileType = wrapper.cfbundle; includeInIndex = 0; path = HRBridgeUITests.xctest; sourceTree = BUILT_PRODUCTS_DIR; };
		2EB519712F28693A009B8581 /* HRBridgeWatch Watch App.app */ = {isa = PBXFileReference; explicitFileType = wrapper.application; includeInIndex = 0; path = "HRBridgeWatch Watch App.app"; sourceTree = BUILT_PRODUCTS_DIR; };
		2EB5197D2F28693C009B8581 /* HRBridgeWatch Watch AppTests.xctest */ = {isa = PBXFileReference; explicitFileType = wrapper.cfbundle; includeInIndex = 0; path = "HRBridgeWatch Watch AppTests.xctest"; sourceTree = BUILT_PRODUCTS_DIR; };
		2EB519872F28693C009B8581 /* HRBridgeWatch Watch AppUITests.xctest */ = {isa = PBXFileReference; explicitFileType = wrapper.cfbundle; includeInIndex = 0; path = "HRBridgeWatch Watch AppUITests.xctest"; sourceTree = BUILT_PRODUCTS_DIR; };
/* End PBXFileReference section */

/* Begin PBXFileSystemSynchronizedRootGroup section */
		2E845EAD2F2845C70095AC4A /* HRBridge */ = {
			isa = PBXFileSystemSynchronizedRootGroup;
			path = HRBridge;
			sourceTree = "<group>";
		};
		2E845EBB2F2845C90095AC4A /* HRBridgeTests */ = {
			isa = PBXFileSystemSynchronizedRootGroup;
			path = HRBridgeTests;
			sourceTree = "<group>";
		};
		2E845EC52F2845C90095AC4A /* HRBridgeUITests */ = {
			isa = PBXFileSystemSynchronizedRootGroup;
			path = HRBridgeUITests;
			sourceTree = "<group>";
		};
		2EB519722F28693A009B8581 /* HRBridgeWatch Watch App */ = {
			isa = PBXFileSystemSynchronizedRootGroup;
			path = "HRBridgeWatch Watch App";
			sourceTree = "<group>";
		};
		2EB519802F28693C009B8581 /* HRBridgeWatch Watch AppTests */ = {
			isa = PBXFileSystemSynchronizedRootGroup;
			path = "HRBridgeWatch Watch AppTests";
			sourceTree = "<group>";
		};
		2EB5198A2F28693C009B8581 /* HRBridgeWatch Watch AppUITests */ = {
			isa = PBXFileSystemSynchronizedRootGroup;
			path = "HRBridgeWatch Watch AppUITests";
			sourceTree = "<group>";
		};
/* End PBXFileSystemSynchronizedRootGroup section */

/* Begin PBXFrameworksBuildPhase section */
		2E845EA82F2845C70095AC4A /* Frameworks */ = {
			isa = PBXFrameworksBuildPhase;
			buildActionMask = 2147483647;
			files = (
			);
			runOnlyForDeploymentPostprocessing = 0;
		};
		2E845EB52F2845C90095AC4A /* Frameworks */ = {
			isa = PBXFrameworksBuildPhase;
			buildActionMask = 2147483647;
			files = (
			);
			runOnlyForDeploymentPostprocessing = 0;
		};
		2E845EBF2F2845C90095AC4A /* Frameworks */ = {
			isa = PBXFrameworksBuildPhase;
			buildActionMask = 2147483647;
			files = (
			);
			runOnlyForDeploymentPostprocessing = 0;
		};
		2EB5196E2F28693A009B8581 /* Frameworks */ = {
			isa = PBXFrameworksBuildPhase;
			buildActionMask = 2147483647;
			files = (
			);
			runOnlyForDeploymentPostprocessing = 0;
		};
		2EB5197A2F28693C009B8581 /* Frameworks */ = {
			isa = PBXFrameworksBuildPhase;
			buildActionMask = 2147483647;
			files = (
			);
			runOnlyForDeploymentPostprocessing = 0;
		};
		2EB519842F28693C009B8581 /* Frameworks */ = {
			isa = PBXFrameworksBuildPhase;
			buildActionMask = 2147483647;
			files = (
			);
			runOnlyForDeploymentPostprocessing = 0;
		};
/* End PBXFrameworksBuildPhase section */

/* Begin PBXGroup section */
		2E845EA22F2845C70095AC4A = {
			isa = PBXGroup;
			children = (
				2E845EAD2F2845C70095AC4A /* HRBridge */,
				2E845EBB2F2845C90095AC4A /* HRBridgeTests */,
				2E845EC52F2845C90095AC4A /* HRBridgeUITests */,
				2EB519722F28693A009B8581 /* HRBridgeWatch Watch App */,
				2EB519802F28693C009B8581 /* HRBridgeWatch Watch AppTests */,
				2EB5198A2F28693C009B8581 /* HRBridgeWatch Watch AppUITests */,
				2E845EAC2F2845C70095AC4A /* Products */,
			);
			sourceTree = "<group>";
		};
		2E845EAC2F2845C70095AC4A /* Products */ = {
			isa = PBXGroup;
			children = (
				2E845EAB2F2845C70095AC4A /* HRBridge.app */,
				2E845EB82F2845C90095AC4A /* HRBridgeTests.xctest */,
				2E845EC22F2845C90095AC4A /* HRBridgeUITests.xctest */,
				2EB519712F28693A009B8581 /* HRBridgeWatch Watch App.app */,
				2EB5197D2F28693C009B8581 /* HRBridgeWatch Watch AppTests.xctest */,
				2EB519872F28693C009B8581 /* HRBridgeWatch Watch AppUITests.xctest */,
			);
			name = Products;
			sourceTree = "<group>";
		};
/* End PBXGroup section */

/* Begin PBXNativeTarget section */
		2E845EAA2F2845C70095AC4A /* HRBridge */ = {
			isa = PBXNativeTarget;
			buildConfigurationList = 2E845ECC2F2845C90095AC4A /* Build configuration list for PBXNativeTarget "HRBridge" */;
			buildPhases = (
				2E845EA72F2845C70095AC4A /* Sources */,
				2E845EA82F2845C70095AC4A /* Frameworks */,
				2E845EA92F2845C70095AC4A /* Resources */,
				2EB519952F28693C009B8581 /* Embed Watch Content */,
			);
			buildRules = (
			);
			dependencies = (
				2EB519902F28693C009B8581 /* PBXTargetDependency */,
			);
			fileSystemSynchronizedGroups = (
				2E845EAD2F2845C70095AC4A /* HRBridge */,
			);
			name = HRBridge;
			packageProductDependencies = (
			);
			productName = HRBridge;
			productReference = 2E845EAB2F2845C70095AC4A /* HRBridge.app */;
			productType = "com.apple.product-type.application";
		};
		2E845EB72F2845C90095AC4A /* HRBridgeTests */ = {
			isa = PBXNativeTarget;
			buildConfigurationList = 2E845ECF2F2845C90095AC4A /* Build configuration list for PBXNativeTarget "HRBridgeTests" */;
			buildPhases = (
				2E845EB42F2845C90095AC4A /* Sources */,
				2E845EB52F2845C90095AC4A /* Frameworks */,
				2E845EB62F2845C90095AC4A /* Resources */,
			);
			buildRules = (
			);
			dependencies = (
				2E845EBA2F2845C90095AC4A /* PBXTargetDependency */,
			);
			fileSystemSynchronizedGroups = (
				2E845EBB2F2845C90095AC4A /* HRBridgeTests */,
			);
			name = HRBridgeTests;
			packageProductDependencies = (
			);
			productName = HRBridgeTests;
			productReference = 2E845EB82F2845C90095AC4A /* HRBridgeTests.xctest */;
			productType = "com.apple.product-type.bundle.unit-test";
		};
		2E845EC12F2845C90095AC4A /* HRBridgeUITests */ = {
			isa = PBXNativeTarget;
			buildConfigurationList = 2E845ED22F2845C90095AC4A /* Build configuration list for PBXNativeTarget "HRBridgeUITests" */;
			buildPhases = (
				2E845EBE2F2845C90095AC4A /* Sources */,
				2E845EBF2F2845C90095AC4A /* Frameworks */,
				2E845EC02F2845C90095AC4A /* Resources */,
			);
			buildRules = (
			);
			dependencies = (
				2E845EC42F2845C90095AC4A /* PBXTargetDependency */,
			);
			fileSystemSynchronizedGroups = (
				2E845EC52F2845C90095AC4A /* HRBridgeUITests */,
			);
			name = HRBridgeUITests;
			packageProductDependencies = (
			);
			productName = HRBridgeUITests;
			productReference = 2E845EC22F2845C90095AC4A /* HRBridgeUITests.xctest */;
			productType = "com.apple.product-type.bundle.ui-testing";
		};
		2EB519702F28693A009B8581 /* HRBridgeWatch Watch App */ = {
			isa = PBXNativeTarget;
			buildConfigurationList = 2EB519922F28693C009B8581 /* Build configuration list for PBXNativeTarget "HRBridgeWatch Watch App" */;
			buildPhases = (
				2EB5196D2F28693A009B8581 /* Sources */,
				2EB5196E2F28693A009B8581 /* Frameworks */,
				2EB5196F2F28693A009B8581 /* Resources */,
			);
			buildRules = (
			);
			dependencies = (
			);
			fileSystemSynchronizedGroups = (
				2EB519722F28693A009B8581 /* HRBridgeWatch Watch App */,
			);
			name = "HRBridgeWatch Watch App";
			packageProductDependencies = (
			);
			productName = "HRBridgeWatch Watch App";
			productReference = 2EB519712F28693A009B8581 /* HRBridgeWatch Watch App.app */;
			productType = "com.apple.product-type.application";
		};
		2EB5197C2F28693C009B8581 /* HRBridgeWatch Watch AppTests */ = {
			isa = PBXNativeTarget;
			buildConfigurationList = 2EB519962F28693C009B8581 /* Build configuration list for PBXNativeTarget "HRBridgeWatch Watch AppTests" */;
			buildPhases = (
				2EB519792F28693C009B8581 /* Sources */,
				2EB5197A2F28693C009B8581 /* Frameworks */,
				2EB5197B2F28693C009B8581 /* Resources */,
			);
			buildRules = (
			);
			dependencies = (
				2EB5197F2F28693C009B8581 /* PBXTargetDependency */,
			);
			fileSystemSynchronizedGroups = (
				2EB519802F28693C009B8581 /* HRBridgeWatch Watch AppTests */,
			);
			name = "HRBridgeWatch Watch AppTests";
			packageProductDependencies = (
			);
			productName = "HRBridgeWatch Watch AppTests";
			productReference = 2EB5197D2F28693C009B8581 /* HRBridgeWatch Watch AppTests.xctest */;
			productType = "com.apple.product-type.bundle.unit-test";
		};
		2EB519862F28693C009B8581 /* HRBridgeWatch Watch AppUITests */ = {
			isa = PBXNativeTarget;
			buildConfigurationList = 2EB519992F28693C009B8581 /* Build configuration list for PBXNativeTarget "HRBridgeWatch Watch AppUITests" */;
			buildPhases = (
				2EB519832F28693C009B8581 /* Sources */,
				2EB519842F28693C009B8581 /* Frameworks */,
				2EB519852F28693C009B8581 /* Resources */,
			);
			buildRules = (
			);
			dependencies = (
				2EB519892F28693C009B8581 /* PBXTargetDependency */,
			);
			fileSystemSynchronizedGroups = (
				2EB5198A2F28693C009B8581 /* HRBridgeWatch Watch AppUITests */,
			);
			name = "HRBridgeWatch Watch AppUITests";
			packageProductDependencies = (
			);
			productName = "HRBridgeWatch Watch AppUITests";
			productReference = 2EB519872F28693C009B8581 /* HRBridgeWatch Watch AppUITests.xctest */;
			productType = "com.apple.product-type.bundle.ui-testing";
		};
/* End PBXNativeTarget section */

/* Begin PBXProject section */
		2E845EA32F2845C70095AC4A /* Project object */ = {
			isa = PBXProject;
			attributes = {
				BuildIndependentTargetsInParallel = 1;
				LastSwiftUpdateCheck = 2620;
				LastUpgradeCheck = 1640;
				TargetAttributes = {
					2E845EAA2F2845C70095AC4A = {
						CreatedOnToolsVersion = 16.4;
					};
					2E845EB72F2845C90095AC4A = {
						CreatedOnToolsVersion = 16.4;
						TestTargetID = 2E845EAA2F2845C70095AC4A;
					};
					2E845EC12F2845C90095AC4A = {
						CreatedOnToolsVersion = 16.4;
						TestTargetID = 2E845EAA2F2845C70095AC4A;
					};
					2EB519702F28693A009B8581 = {
						CreatedOnToolsVersion = 26.2;
					};
					2EB5197C2F28693C009B8581 = {
						CreatedOnToolsVersion = 26.2;
						TestTargetID = 2EB519702F28693A009B8581;
					};
					2EB519862F28693C009B8581 = {
						CreatedOnToolsVersion = 26.2;
						TestTargetID = 2EB519702F28693A009B8581;
					};
				};
			};
			buildConfigurationList = 2E845EA62F2845C70095AC4A /* Build configuration list for PBXProject "HRBridge" */;
			developmentRegion = en;
			hasScannedForEncodings = 0;
			knownRegions = (
				en,
				Base,
			);
			mainGroup = 2E845EA22F2845C70095AC4A;
			minimizedProjectReferenceProxies = 1;
			preferredProjectObjectVersion = 77;
			productRefGroup = 2E845EAC2F2845C70095AC4A /* Products */;
			projectDirPath = "";
			projectRoot = "";
			targets = (
				2E845EAA2F2845C70095AC4A /* HRBridge */,
				2E845EB72F2845C90095AC4A /* HRBridgeTests */,
				2E845EC12F2845C90095AC4A /* HRBridgeUITests */,
				2EB519702F28693A009B8581 /* HRBridgeWatch Watch App */,
				2EB5197C2F28693C009B8581 /* HRBridgeWatch Watch AppTests */,
				2EB519862F28693C009B8581 /* HRBridgeWatch Watch AppUITests */,
			);
		};
/* End PBXProject section */

/* Begin PBXResourcesBuildPhase section */
		2E845EA92F2845C70095AC4A /* Resources */ = {
			isa = PBXResourcesBuildPhase;
			buildActionMask = 2147483647;
			files = (
			);
			runOnlyForDeploymentPostprocessing = 0;
		};
		2E845EB62F2845C90095AC4A /* Resources */ = {
			isa = PBXResourcesBuildPhase;
			buildActionMask = 2147483647;
			files = (
			);
			runOnlyForDeploymentPostprocessing = 0;
		};
		2E845EC02F2845C90095AC4A /* Resources */ = {
			isa = PBXResourcesBuildPhase;
			buildActionMask = 2147483647;
			files = (
			);
			runOnlyForDeploymentPostprocessing = 0;
		};
		2EB5196F2F28693A009B8581 /* Resources */ = {
			isa = PBXResourcesBuildPhase;
			buildActionMask = 2147483647;
			files = (
			);
			runOnlyForDeploymentPostprocessing = 0;
		};
		2EB5197B2F28693C009B8581 /* Resources */ = {
			isa = PBXResourcesBuildPhase;
			buildActionMask = 2147483647;
			files = (
			);
			runOnlyForDeploymentPostprocessing = 0;
		};
		2EB519852F28693C009B8581 /* Resources */ = {
			isa = PBXResourcesBuildPhase;
			buildActionMask = 2147483647;
			files = (
			);
			runOnlyForDeploymentPostprocessing = 0;
		};
/* End PBXResourcesBuildPhase section */

/* Begin PBXSourcesBuildPhase section */
		2E845EA72F2845C70095AC4A /* Sources */ = {
			isa = PBXSourcesBuildPhase;
			buildActionMask = 2147483647;
			files = (
			);
			runOnlyForDeploymentPostprocessing = 0;
		};
		2E845EB42F2845C90095AC4A /* Sources */ = {
			isa = PBXSourcesBuildPhase;
			buildActionMask = 2147483647;
			files = (
			);
			runOnlyForDeploymentPostprocessing = 0;
		};
		2E845EBE2F2845C90095AC4A /* Sources */ = {
			isa = PBXSourcesBuildPhase;
			buildActionMask = 2147483647;
			files = (
			);
			runOnlyForDeploymentPostprocessing = 0;
		};
		2EB5196D2F28693A009B8581 /* Sources */ = {
			isa = PBXSourcesBuildPhase;
			buildActionMask = 2147483647;
			files = (
			);
			runOnlyForDeploymentPostprocessing = 0;
		};
		2EB519792F28693C009B8581 /* Sources */ = {
			isa = PBXSourcesBuildPhase;
			buildActionMask = 2147483647;
			files = (
			);
			runOnlyForDeploymentPostprocessing = 0;
		};
		2EB519832F28693C009B8581 /* Sources */ = {
			isa = PBXSourcesBuildPhase;
			buildActionMask = 2147483647;
			files = (
			);
			runOnlyForDeploymentPostprocessing = 0;
		};
/* End PBXSourcesBuildPhase section */

/* Begin PBXTargetDependency section */
		2E845EBA2F2845C90095AC4A /* PBXTargetDependency */ = {
			isa = PBXTargetDependency;
			target = 2E845EAA2F2845C70095AC4A /* HRBridge */;
			targetProxy = 2E845EB92F2845C90095AC4A /* PBXContainerItemProxy */;
		};
		2E845EC42F2845C90095AC4A /* PBXTargetDependency */ = {
			isa = PBXTargetDependency;
			target = 2E845EAA2F2845C70095AC4A /* HRBridge */;
			targetProxy = 2E845EC32F2845C90095AC4A /* PBXContainerItemProxy */;
		};
		2EB5197F2F28693C009B8581 /* PBXTargetDependency */ = {
			isa = PBXTargetDependency;
			target = 2EB519702F28693A009B8581 /* HRBridgeWatch Watch App */;
			targetProxy = 2EB5197E2F28693C009B8581 /* PBXContainerItemProxy */;
		};
		2EB519892F28693C009B8581 /* PBXTargetDependency */ = {
			isa = PBXTargetDependency;
			target = 2EB519702F28693A009B8581 /* HRBridgeWatch Watch App */;
			targetProxy = 2EB519882F28693C009B8581 /* PBXContainerItemProxy */;
		};
		2EB519902F28693C009B8581 /* PBXTargetDependency */ = {
			isa = PBXTargetDependency;
			target = 2EB519702F28693A009B8581 /* HRBridgeWatch Watch App */;
			targetProxy = 2EB5198F2F28693C009B8581 /* PBXContainerItemProxy */;
		};
/* End PBXTargetDependency section */

/* Begin XCBuildConfiguration section */
		2E845ECA2F2845C90095AC4A /* Debug */ = {
			isa = XCBuildConfiguration;
			buildSettings = {
				ALWAYS_SEARCH_USER_PATHS = NO;
				ASSETCATALOG_COMPILER_GENERATE_SWIFT_ASSET_SYMBOL_EXTENSIONS = YES;
				CLANG_ANALYZER_NONNULL = YES;
				CLANG_ANALYZER_NUMBER_OBJECT_CONVERSION = YES_AGGRESSIVE;
				CLANG_CXX_LANGUAGE_STANDARD = "gnu++20";
				CLANG_ENABLE_MODULES = YES;
				CLANG_ENABLE_OBJC_ARC = YES;
				CLANG_ENABLE_OBJC_WEAK = YES;
				CLANG_WARN_BLOCK_CAPTURE_AUTORELEASING = YES;
				CLANG_WARN_BOOL_CONVERSION = YES;
				CLANG_WARN_COMMA = YES;
				CLANG_WARN_CONSTANT_CONVERSION = YES;
				CLANG_WARN_DEPRECATED_OBJC_IMPLEMENTATIONS = YES;
				CLANG_WARN_DIRECT_OBJC_ISA_USAGE = YES_ERROR;
				CLANG_WARN_DOCUMENTATION_COMMENTS = YES;
				CLANG_WARN_EMPTY_BODY = YES;
				CLANG_WARN_ENUM_CONVERSION = YES;
				CLANG_WARN_INFINITE_RECURSION = YES;
				CLANG_WARN_INT_CONVERSION = YES;
				CLANG_WARN_NON_LITERAL_NULL_CONVERSION = YES;
				CLANG_WARN_OBJC_IMPLICIT_RETAIN_SELF = YES;
				CLANG_WARN_OBJC_LITERAL_CONVERSION = YES;
				CLANG_WARN_OBJC_ROOT_CLASS = YES_ERROR;
				CLANG_WARN_QUOTED_INCLUDE_IN_FRAMEWORK_HEADER = YES;
				CLANG_WARN_RANGE_LOOP_ANALYSIS = YES;
				CLANG_WARN_STRICT_PROTOTYPES = YES;
				CLANG_WARN_SUSPICIOUS_MOVE = YES;
				CLANG_WARN_UNGUARDED_AVAILABILITY = YES_AGGRESSIVE;
				CLANG_WARN_UNREACHABLE_CODE = YES;
				CLANG_WARN__DUPLICATE_METHOD_MATCH = YES;
				COPY_PHASE_STRIP = NO;
				DEBUG_INFORMATION_FORMAT = dwarf;
				DEVELOPMENT_TEAM = 2MRJ25S86T;
				ENABLE_STRICT_OBJC_MSGSEND = YES;
				ENABLE_TESTABILITY = YES;
				ENABLE_USER_SCRIPT_SANDBOXING = YES;
				GCC_C_LANGUAGE_STANDARD = gnu17;
				GCC_DYNAMIC_NO_PIC = NO;
				GCC_NO_COMMON_BLOCKS = YES;
				GCC_OPTIMIZATION_LEVEL = 0;
				GCC_PREPROCESSOR_DEFINITIONS = (
					"DEBUG=1",
					"$(inherited)",
				);
				GCC_WARN_64_TO_32_BIT_CONVERSION = YES;
				GCC_WARN_ABOUT_RETURN_TYPE = YES_ERROR;
				GCC_WARN_UNDECLARED_SELECTOR = YES;
				GCC_WARN_UNINITIALIZED_AUTOS = YES_AGGRESSIVE;
				GCC_WARN_UNUSED_FUNCTION = YES;
				GCC_WARN_UNUSED_VARIABLE = YES;
				IPHONEOS_DEPLOYMENT_TARGET = 18.5;
				LOCALIZATION_PREFERS_STRING_CATALOGS = YES;
				MTL_ENABLE_DEBUG_INFO = INCLUDE_SOURCE;
				MTL_FAST_MATH = YES;
				ONLY_ACTIVE_ARCH = YES;
				SDKROOT = iphoneos;
				SWIFT_ACTIVE_COMPILATION_CONDITIONS = "DEBUG $(inherited)";
				SWIFT_OPTIMIZATION_LEVEL = "-Onone";
			};
			name = Debug;
		};
		2E845ECB2F2845C90095AC4A /* Release */ = {
			isa = XCBuildConfiguration;
			buildSettings = {
				ALWAYS_SEARCH_USER_PATHS = NO;
				ASSETCATALOG_COMPILER_GENERATE_SWIFT_ASSET_SYMBOL_EXTENSIONS = YES;
				CLANG_ANALYZER_NONNULL = YES;
				CLANG_ANALYZER_NUMBER_OBJECT_CONVERSION = YES_AGGRESSIVE;
				CLANG_CXX_LANGUAGE_STANDARD = "gnu++20";
				CLANG_ENABLE_MODULES = YES;
				CLANG_ENABLE_OBJC_ARC = YES;
				CLANG_ENABLE_OBJC_WEAK = YES;
				CLANG_WARN_BLOCK_CAPTURE_AUTORELEASING = YES;
				CLANG_WARN_BOOL_CONVERSION = YES;
				CLANG_WARN_COMMA = YES;
				CLANG_WARN_CONSTANT_CONVERSION = YES;
				CLANG_WARN_DEPRECATED_OBJC_IMPLEMENTATIONS = YES;
				CLANG_WARN_DIRECT_OBJC_ISA_USAGE = YES_ERROR;
				CLANG_WARN_DOCUMENTATION_COMMENTS = YES;
				CLANG_WARN_EMPTY_BODY = YES;
				CLANG_WARN_ENUM_CONVERSION = YES;
				CLANG_WARN_INFINITE_RECURSION = YES;
				CLANG_WARN_INT_CONVERSION = YES;
				CLANG_WARN_NON_LITERAL_NULL_CONVERSION = YES;
				CLANG_WARN_OBJC_IMPLICIT_RETAIN_SELF = YES;
				CLANG_WARN_OBJC_LITERAL_CONVERSION = YES;
				CLANG_WARN_OBJC_ROOT_CLASS = YES_ERROR;
				CLANG_WARN_QUOTED_INCLUDE_IN_FRAMEWORK_HEADER = YES;
				CLANG_WARN_RANGE_LOOP_ANALYSIS = YES;
				CLANG_WARN_STRICT_PROTOTYPES = YES;
				CLANG_WARN_SUSPICIOUS_MOVE = YES;
				CLANG_WARN_UNGUARDED_AVAILABILITY = YES_AGGRESSIVE;
				CLANG_WARN_UNREACHABLE_CODE = YES;
				CLANG_WARN__DUPLICATE_METHOD_MATCH = YES;
				COPY_PHASE_STRIP = NO;
				DEBUG_INFORMATION_FORMAT = "dwarf-with-dsym";
				DEVELOPMENT_TEAM = 2MRJ25S86T;
				ENABLE_NS_ASSERTIONS = NO;
				ENABLE_STRICT_OBJC_MSGSEND = YES;
				ENABLE_USER_SCRIPT_SANDBOXING = YES;
				GCC_C_LANGUAGE_STANDARD = gnu17;
				GCC_NO_COMMON_BLOCKS = YES;
				GCC_WARN_64_TO_32_BIT_CONVERSION = YES;
				GCC_WARN_ABOUT_RETURN_TYPE = YES_ERROR;
				GCC_WARN_UNDECLARED_SELECTOR = YES;
				GCC_WARN_UNINITIALIZED_AUTOS = YES_AGGRESSIVE;
				GCC_WARN_UNUSED_FUNCTION = YES;
				GCC_WARN_UNUSED_VARIABLE = YES;
				IPHONEOS_DEPLOYMENT_TARGET = 18.5;
				LOCALIZATION_PREFERS_STRING_CATALOGS = YES;
				MTL_ENABLE_DEBUG_INFO = NO;
				MTL_FAST_MATH = YES;
				SDKROOT = iphoneos;
				SWIFT_COMPILATION_MODE = wholemodule;
				VALIDATE_PRODUCT = YES;
			};
			name = Release;
		};
		2E845ECD2F2845C90095AC4A /* Debug */ = {
			isa = XCBuildConfiguration;
			buildSettings = {
				ASSETCATALOG_COMPILER_APPICON_NAME = AppIcon;
				ASSETCATALOG_COMPILER_GLOBAL_ACCENT_COLOR_NAME = AccentColor;
				CODE_SIGN_ENTITLEMENTS = HRBridge/HRBridge.entitlements;
				CODE_SIGN_STYLE = Automatic;
				CURRENT_PROJECT_VERSION = 1;
				DEVELOPMENT_TEAM = 2MRJ25S86T;
				ENABLE_PREVIEWS = YES;
				GENERATE_INFOPLIST_FILE = YES;
				INFOPLIST_KEY_NSBluetoothAlwaysUsageDescription = "";
				INFOPLIST_KEY_NSHealthShareUsageDescription = "We need access to your heart rate to send it to your bike computer.";
				INFOPLIST_KEY_UIApplicationSceneManifest_Generation = YES;
				INFOPLIST_KEY_UIApplicationSupportsIndirectInputEvents = YES;
				INFOPLIST_KEY_UILaunchScreen_Generation = YES;
				INFOPLIST_KEY_UISupportedInterfaceOrientations_iPad = "UIInterfaceOrientationPortrait UIInterfaceOrientationPortraitUpsideDown UIInterfaceOrientationLandscapeLeft UIInterfaceOrientationLandscapeRight";
				INFOPLIST_KEY_UISupportedInterfaceOrientations_iPhone = "UIInterfaceOrientationPortrait UIInterfaceOrientationLandscapeLeft UIInterfaceOrientationLandscapeRight";
				LD_RUNPATH_SEARCH_PATHS = (
					"$(inherited)",
					"@executable_path/Frameworks",
				);
				MARKETING_VERSION = 1.0;
				PRODUCT_BUNDLE_IDENTIFIER = com.pixlox.HRBridge;
				PRODUCT_NAME = "$(TARGET_NAME)";
				SWIFT_EMIT_LOC_STRINGS = YES;
				SWIFT_VERSION = 5.0;
				TARGETED_DEVICE_FAMILY = "1,2";
			};
			name = Debug;
		};
		2E845ECE2F2845C90095AC4A /* Release */ = {
			isa = XCBuildConfiguration;
			buildSettings = {
				ASSETCATALOG_COMPILER_APPICON_NAME = AppIcon;
				ASSETCATALOG_COMPILER_GLOBAL_ACCENT_COLOR_NAME = AccentColor;
				CODE_SIGN_ENTITLEMENTS = HRBridge/HRBridge.entitlements;
				CODE_SIGN_STYLE = Automatic;
				CURRENT_PROJECT_VERSION = 1;
				DEVELOPMENT_TEAM = 2MRJ25S86T;
				ENABLE_PREVIEWS = YES;
				GENERATE_INFOPLIST_FILE = YES;
				INFOPLIST_KEY_NSBluetoothAlwaysUsageDescription = "";
				INFOPLIST_KEY_NSHealthShareUsageDescription = "We need access to your heart rate to send it to your bike computer.";
				INFOPLIST_KEY_UIApplicationSceneManifest_Generation = YES;
				INFOPLIST_KEY_UIApplicationSupportsIndirectInputEvents = YES;
				INFOPLIST_KEY_UILaunchScreen_Generation = YES;
				INFOPLIST_KEY_UISupportedInterfaceOrientations_iPad = "UIInterfaceOrientationPortrait UIInterfaceOrientationPortraitUpsideDown UIInterfaceOrientationLandscapeLeft UIInterfaceOrientationLandscapeRight";
				INFOPLIST_KEY_UISupportedInterfaceOrientations_iPhone = "UIInterfaceOrientationPortrait UIInterfaceOrientationLandscapeLeft UIInterfaceOrientationLandscapeRight";
				LD_RUNPATH_SEARCH_PATHS = (
					"$(inherited)",
					"@executable_path/Frameworks",
				);
				MARKETING_VERSION = 1.0;
				PRODUCT_BUNDLE_IDENTIFIER = com.pixlox.HRBridge;
				PRODUCT_NAME = "$(TARGET_NAME)";
				SWIFT_EMIT_LOC_STRINGS = YES;
				SWIFT_VERSION = 5.0;
				TARGETED_DEVICE_FAMILY = "1,2";
			};
			name = Release;
		};
		2E845ED02F2845C90095AC4A /* Debug */ = {
			isa = XCBuildConfiguration;
			buildSettings = {
				BUNDLE_LOADER = "$(TEST_HOST)";
				CODE_SIGN_STYLE = Automatic;
				CURRENT_PROJECT_VERSION = 1;
				DEVELOPMENT_TEAM = 2MRJ25S86T;
				GENERATE_INFOPLIST_FILE = YES;
				IPHONEOS_DEPLOYMENT_TARGET = 18.5;
				MARKETING_VERSION = 1.0;
				PRODUCT_BUNDLE_IDENTIFIER = com.pixlox.HRBridgeTests;
				PRODUCT_NAME = "$(TARGET_NAME)";
				SWIFT_EMIT_LOC_STRINGS = NO;
				SWIFT_VERSION = 5.0;
				TARGETED_DEVICE_FAMILY = "1,2";
				TEST_HOST = "$(BUILT_PRODUCTS_DIR)/HRBridge.app/$(BUNDLE_EXECUTABLE_FOLDER_PATH)/HRBridge";
			};
			name = Debug;
		};
		2E845ED12F2845C90095AC4A /* Release */ = {
			isa = XCBuildConfiguration;
			buildSettings = {
				BUNDLE_LOADER = "$(TEST_HOST)";
				CODE_SIGN_STYLE = Automatic;
				CURRENT_PROJECT_VERSION = 1;
				DEVELOPMENT_TEAM = 2MRJ25S86T;
				GENERATE_INFOPLIST_FILE = YES;
				IPHONEOS_DEPLOYMENT_TARGET = 18.5;
				MARKETING_VERSION = 1.0;
				PRODUCT_BUNDLE_IDENTIFIER = com.pixlox.HRBridgeTests;
				PRODUCT_NAME = "$(TARGET_NAME)";
				SWIFT_EMIT_LOC_STRINGS = NO;
				SWIFT_VERSION = 5.0;
				TARGETED_DEVICE_FAMILY = "1,2";
				TEST_HOST = "$(BUILT_PRODUCTS_DIR)/HRBridge.app/$(BUNDLE_EXECUTABLE_FOLDER_PATH)/HRBridge";
			};
			name = Release;
		};
		2E845ED32F2845C90095AC4A /* Debug */ = {
			isa = XCBuildConfiguration;
			buildSettings = {
				CODE_SIGN_STYLE = Automatic;
				CURRENT_PROJECT_VERSION = 1;
				DEVELOPMENT_TEAM = 2MRJ25S86T;
				GENERATE_INFOPLIST_FILE = YES;
				MARKETING_VERSION = 1.0;
				PRODUCT_BUNDLE_IDENTIFIER = com.pixlox.HRBridgeUITests;
				PRODUCT_NAME = "$(TARGET_NAME)";
				SWIFT_EMIT_LOC_STRINGS = NO;
				SWIFT_VERSION = 5.0;
				TARGETED_DEVICE_FAMILY = "1,2";
				TEST_TARGET_NAME = HRBridge;
			};
			name = Debug;
		};
		2E845ED42F2845C90095AC4A /* Release */ = {
			isa = XCBuildConfiguration;
			buildSettings = {
				CODE_SIGN_STYLE = Automatic;
				CURRENT_PROJECT_VERSION = 1;
				DEVELOPMENT_TEAM = 2MRJ25S86T;
				GENERATE_INFOPLIST_FILE = YES;
				MARKETING_VERSION = 1.0;
				PRODUCT_BUNDLE_IDENTIFIER = com.pixlox.HRBridgeUITests;
				PRODUCT_NAME = "$(TARGET_NAME)";
				SWIFT_EMIT_LOC_STRINGS = NO;
				SWIFT_VERSION = 5.0;
				TARGETED_DEVICE_FAMILY = "1,2";
				TEST_TARGET_NAME = HRBridge;
			};
			name = Release;
		};
		2EB519932F28693C009B8581 /* Debug */ = {
			isa = XCBuildConfiguration;
			buildSettings = {
				ASSETCATALOG_COMPILER_APPICON_NAME = AppIcon;
				ASSETCATALOG_COMPILER_GLOBAL_ACCENT_COLOR_NAME = AccentColor;
				CODE_SIGN_ENTITLEMENTS = "HRBridgeWatch Watch App/HRBridgeWatch Watch App.entitlements";
				CODE_SIGN_STYLE = Automatic;
				CURRENT_PROJECT_VERSION = 1;
				DEVELOPMENT_TEAM = 2MRJ25S86T;
				ENABLE_PREVIEWS = YES;
				GENERATE_INFOPLIST_FILE = YES;
				INFOPLIST_KEY_CFBundleDisplayName = HRBridgeWatch;
				INFOPLIST_KEY_NSHealthShareUsageDescription = "Required for Heart Rate data.";
				INFOPLIST_KEY_NSHealthUpdateUsageDescription = "Required for Heart Rate data.";
				INFOPLIST_KEY_UISupportedInterfaceOrientations = "UIInterfaceOrientationPortrait UIInterfaceOrientationPortraitUpsideDown";
				INFOPLIST_KEY_WKCompanionAppBundleIdentifier = com.pixlox.HRBridge;
				LD_RUNPATH_SEARCH_PATHS = (
					"$(inherited)",
					"@executable_path/Frameworks",
				);
				MARKETING_VERSION = 1.0;
				PRODUCT_BUNDLE_IDENTIFIER = com.pixlox.HRBridge.watchkitapp;
				PRODUCT_NAME = "$(TARGET_NAME)";
				SDKROOT = watchos;
				SKIP_INSTALL = YES;
				STRING_CATALOG_GENERATE_SYMBOLS = YES;
				SWIFT_APPROACHABLE_CONCURRENCY = YES;
				SWIFT_DEFAULT_ACTOR_ISOLATION = MainActor;
				SWIFT_EMIT_LOC_STRINGS = YES;
				SWIFT_UPCOMING_FEATURE_MEMBER_IMPORT_VISIBILITY = YES;
				SWIFT_VERSION = 5.0;
				TARGETED_DEVICE_FAMILY = 4;
				WATCHOS_DEPLOYMENT_TARGET = 9.6;
			};
			name = Debug;
		};
		2EB519942F28693C009B8581 /* Release */ = {
			isa = XCBuildConfiguration;
			buildSettings = {
				ASSETCATALOG_COMPILER_APPICON_NAME = AppIcon;
				ASSETCATALOG_COMPILER_GLOBAL_ACCENT_COLOR_NAME = AccentColor;
				CODE_SIGN_ENTITLEMENTS = "HRBridgeWatch Watch App/HRBridgeWatch Watch App.entitlements";
				CODE_SIGN_STYLE = Automatic;
				CURRENT_PROJECT_VERSION = 1;
				DEVELOPMENT_TEAM = 2MRJ25S86T;
				ENABLE_PREVIEWS = YES;
				GENERATE_INFOPLIST_FILE = YES;
				INFOPLIST_KEY_CFBundleDisplayName = HRBridgeWatch;
				INFOPLIST_KEY_NSHealthShareUsageDescription = "Required for Heart Rate data.";
				INFOPLIST_KEY_NSHealthUpdateUsageDescription = "Required for Heart Rate data.";
				INFOPLIST_KEY_UISupportedInterfaceOrientations = "UIInterfaceOrientationPortrait UIInterfaceOrientationPortraitUpsideDown";
				INFOPLIST_KEY_WKCompanionAppBundleIdentifier = com.pixlox.HRBridge;
				LD_RUNPATH_SEARCH_PATHS = (
					"$(inherited)",
					"@executable_path/Frameworks",
				);
				MARKETING_VERSION = 1.0;
				PRODUCT_BUNDLE_IDENTIFIER = com.pixlox.HRBridge.watchkitapp;
				PRODUCT_NAME = "$(TARGET_NAME)";
				SDKROOT = watchos;
				SKIP_INSTALL = YES;
				STRING_CATALOG_GENERATE_SYMBOLS = YES;
				SWIFT_APPROACHABLE_CONCURRENCY = YES;
				SWIFT_DEFAULT_ACTOR_ISOLATION = MainActor;
				SWIFT_EMIT_LOC_STRINGS = YES;
				SWIFT_UPCOMING_FEATURE_MEMBER_IMPORT_VISIBILITY = YES;
				SWIFT_VERSION = 5.0;
				TARGETED_DEVICE_FAMILY = 4;
				WATCHOS_DEPLOYMENT_TARGET = 9.6;
			};
			name = Release;
		};
		2EB519972F28693C009B8581 /* Debug */ = {
			isa = XCBuildConfiguration;
			buildSettings = {
				BUNDLE_LOADER = "$(TEST_HOST)";
				CODE_SIGN_STYLE = Automatic;
				CURRENT_PROJECT_VERSION = 1;
				DEVELOPMENT_TEAM = 2MRJ25S86T;
				GENERATE_INFOPLIST_FILE = YES;
				MARKETING_VERSION = 1.0;
				PRODUCT_BUNDLE_IDENTIFIER = "com.pixlox.HRBridgeWatch-Watch-AppTests";
				PRODUCT_NAME = "$(TARGET_NAME)";
				SDKROOT = watchos;
				STRING_CATALOG_GENERATE_SYMBOLS = NO;
				SWIFT_APPROACHABLE_CONCURRENCY = YES;
				SWIFT_EMIT_LOC_STRINGS = NO;
				SWIFT_UPCOMING_FEATURE_MEMBER_IMPORT_VISIBILITY = YES;
				SWIFT_VERSION = 5.0;
				TARGETED_DEVICE_FAMILY = 4;
				TEST_HOST = "$(BUILT_PRODUCTS_DIR)/HRBridgeWatch Watch App.app/$(BUNDLE_EXECUTABLE_FOLDER_PATH)/HRBridgeWatch Watch App";
				WATCHOS_DEPLOYMENT_TARGET = 9.6;
			};
			name = Debug;
		};
		2EB519982F28693C009B8581 /* Release */ = {
			isa = XCBuildConfiguration;
			buildSettings = {
				BUNDLE_LOADER = "$(TEST_HOST)";
				CODE_SIGN_STYLE = Automatic;
				CURRENT_PROJECT_VERSION = 1;
				DEVELOPMENT_TEAM = 2MRJ25S86T;
				GENERATE_INFOPLIST_FILE = YES;
				MARKETING_VERSION = 1.0;
				PRODUCT_BUNDLE_IDENTIFIER = "com.pixlox.HRBridgeWatch-Watch-AppTests";
				PRODUCT_NAME = "$(TARGET_NAME)";
				SDKROOT = watchos;
				STRING_CATALOG_GENERATE_SYMBOLS = NO;
				SWIFT_APPROACHABLE_CONCURRENCY = YES;
				SWIFT_EMIT_LOC_STRINGS = NO;
				SWIFT_UPCOMING_FEATURE_MEMBER_IMPORT_VISIBILITY = YES;
				SWIFT_VERSION = 5.0;
				TARGETED_DEVICE_FAMILY = 4;
				TEST_HOST = "$(BUILT_PRODUCTS_DIR)/HRBridgeWatch Watch App.app/$(BUNDLE_EXECUTABLE_FOLDER_PATH)/HRBridgeWatch Watch App";
				WATCHOS_DEPLOYMENT_TARGET = 9.6;
			};
			name = Release;
		};
		2EB5199A2F28693C009B8581 /* Debug */ = {
			isa = XCBuildConfiguration;
			buildSettings = {
				CODE_SIGN_STYLE = Automatic;
				CURRENT_PROJECT_VERSION = 1;
				DEVELOPMENT_TEAM = 2MRJ25S86T;
				GENERATE_INFOPLIST_FILE = YES;
				MARKETING_VERSION = 1.0;
				PRODUCT_BUNDLE_IDENTIFIER = "com.pixlox.HRBridgeWatch-Watch-AppUITests";
				PRODUCT_NAME = "$(TARGET_NAME)";
				SDKROOT = watchos;
				STRING_CATALOG_GENERATE_SYMBOLS = NO;
				SWIFT_APPROACHABLE_CONCURRENCY = YES;
				SWIFT_EMIT_LOC_STRINGS = NO;
				SWIFT_UPCOMING_FEATURE_MEMBER_IMPORT_VISIBILITY = YES;
				SWIFT_VERSION = 5.0;
				TARGETED_DEVICE_FAMILY = 4;
				TEST_TARGET_NAME = "HRBridgeWatch Watch App";
				WATCHOS_DEPLOYMENT_TARGET = 10.6;
			};
			name = Debug;
		};
		2EB5199B2F28693C009B8581 /* Release */ = {
			isa = XCBuildConfiguration;
			buildSettings = {
				CODE_SIGN_STYLE = Automatic;
				CURRENT_PROJECT_VERSION = 1;
				DEVELOPMENT_TEAM = 2MRJ25S86T;
				GENERATE_INFOPLIST_FILE = YES;
				MARKETING_VERSION = 1.0;
				PRODUCT_BUNDLE_IDENTIFIER = "com.pixlox.HRBridgeWatch-Watch-AppUITests";
				PRODUCT_NAME = "$(TARGET_NAME)";
				SDKROOT = watchos;
				STRING_CATALOG_GENERATE_SYMBOLS = NO;
				SWIFT_APPROACHABLE_CONCURRENCY = YES;
				SWIFT_EMIT_LOC_STRINGS = NO;
				SWIFT_UPCOMING_FEATURE_MEMBER_IMPORT_VISIBILITY = YES;
				SWIFT_VERSION = 5.0;
				TARGETED_DEVICE_FAMILY = 4;
				TEST_TARGET_NAME = "HRBridgeWatch Watch App";
				WATCHOS_DEPLOYMENT_TARGET = 10.6;
			};
			name = Release;
		};
/* End XCBuildConfiguration section */

/* Begin XCConfigurationList section */
		2E845EA62F2845C70095AC4A /* Build configuration list for PBXProject "HRBridge" */ = {
			isa = XCConfigurationList;
			buildConfigurations = (
				2E845ECA2F2845C90095AC4A /* Debug */,
				2E845ECB2F2845C90095AC4A /* Release */,
			);
			defaultConfigurationIsVisible = 0;
			defaultConfigurationName = Release;
		};
		2E845ECC2F2845C90095AC4A /* Build configuration list for PBXNativeTarget "HRBridge" */ = {
			isa = XCConfigurationList;
			buildConfigurations = (
				2E845ECD2F2845C90095AC4A /* Debug */,
				2E845ECE2F2845C90095AC4A /* Release */,
			);
			defaultConfigurationIsVisible = 0;
			defaultConfigurationName = Release;
		};
		2E845ECF2F2845C90095AC4A /* Build configuration list for PBXNativeTarget "HRBridgeTests" */ = {
			isa = XCConfigurationList;
			buildConfigurations = (
				2E845ED02F2845C90095AC4A /* Debug */,
				2E845ED12F2845C90095AC4A /* Release */,
			);
			defaultConfigurationIsVisible = 0;
			defaultConfigurationName = Release;
		};
		2E845ED22F2845C90095AC4A /* Build configuration list for PBXNativeTarget "HRBridgeUITests" */ = {
			isa = XCConfigurationList;
			buildConfigurations = (
				2E845ED32F2845C90095AC4A /* Debug */,
				2E845ED42F2845C90095AC4A /* Release */,
			);
			defaultConfigurationIsVisible = 0;
			defaultConfigurationName = Release;
		};
		2EB519922F28693C009B8581 /* Build configuration list for PBXNativeTarget "HRBridgeWatch Watch App" */ = {
			isa = XCConfigurationList;
			buildConfigurations = (
				2EB519932F28693C009B8581 /* Debug */,
				2EB519942F28693C009B8581 /* Release */,
			);
			defaultConfigurationIsVisible = 0;
			defaultConfigurationName = Release;
		};
		2EB519962F28693C009B8581 /* Build configuration list for PBXNativeTarget "HRBridgeWatch Watch AppTests" */ = {
			isa = XCConfigurationList;
			buildConfigurations = (
				2EB519972F28693C009B8581 /* Debug */,
				2EB519982F28693C009B8581 /* Release */,
			);
			defaultConfigurationIsVisible = 0;
			defaultConfigurationName = Release;
		};
		2EB519992F28693C009B8581 /* Build configuration list for PBXNativeTarget "HRBridgeWatch Watch AppUITests" */ = {
			isa = XCConfigurationList;
			buildConfigurations = (
				2EB5199A2F28693C009B8581 /* Debug */,
				2EB5199B2F28693C009B8581 /* Release */,
			);
			defaultConfigurationIsVisible = 0;
			defaultConfigurationName = Release;
		};
/* End XCConfigurationList section */
	};
	rootObject = 2E845EA32F2845C70095AC4A /* Project object */;
}
